<Solution>
  <Project Path="GymManagementSystem.Api/GymManagementSystem.Api.csproj" />
  <Project Path="GymManagementSystem.Application/GymManagementSystem.Application.csproj" />
  <Project Path="GymManagementSystem.Domain/GymManagementSystem.Domain.csproj" />
  <Project Path="GymManagementSystem.Persistence/GymManagementSystem.Persistence.csproj" />
</Solution>
